
Microsoft Visual Studio Solution File, Format Version 12.00
# Visual Studio Version 17
VisualStudioVersion = 17.0.31903.59
MinimumVisualStudioVersion = 10.0.40219.1
Project("{2150E333-8FDC-42A3-9474-1A3956D46DE8}") = "Basic", "Basic", "{FE8F73DC-A370-4BA9-B25D-C9905E6D63FC}"
EndProject
Project("{2150E333-8FDC-42A3-9474-1A3956D46DE8}") = "Binding", "Binding", "{FDED81AF-F184-44AC-B5AA-CA27964878CF}"
EndProject
Project("{2150E333-8FDC-42A3-9474-1A3956D46DE8}") = "WS", "WS", "{B63CEAA6-511A-4ED8-8042-F6A6E2624B64}"
EndProject
Project("{FAE04EC0-301F-11D3-BF4B-00C04F79EFBC}") = "WsHttpUserPassword_server", "Basic\Binding\WS\WsHttpUserPassword_server\WsHttpUserPassword_server.csproj", "{61FA5C9F-8A76-43E8-BD8B-F98ACF4529F0}"
EndProject
Project("{FAE04EC0-301F-11D3-BF4B-00C04F79EFBC}") = "WSHttpUserPassword_client", "Basic\Binding\WS\WSHttpUserPassword_client\WSHttpUserPassword_client.csproj", "{5B879493-F269-4339-9D6D-4C1FA39328EC}"
EndProject
Project("{2150E333-8FDC-42A3-9474-1A3956D46DE8}") = "Scenarios", "Scenarios", "{5F77224E-7E4A-4867-B343-6CD7C23EE0E8}"
EndProject
Project("{2150E333-8FDC-42A3-9474-1A3956D46DE8}") = "Getting-Started-with-CoreWCF", "Getting-Started-with-CoreWCF", "{F96AA409-FDB9-4FBB-8264-E69412F983E6}"
EndProject
Project("{FAE04EC0-301F-11D3-BF4B-00C04F79EFBC}") = "MinimalAPIServer", "Scenarios\Getting-Started-with-CoreWCF\MinimalAPIServer\MinimalAPIServer.csproj", "{05E451BE-EC86-4A31-82B4-FC23F6CB1A31}"
EndProject
Project("{FAE04EC0-301F-11D3-BF4B-00C04F79EFBC}") = "NetCoreClient", "Scenarios\Getting-Started-with-CoreWCF\NetCoreClient\NetCoreClient.csproj", "{FD02C2D9-47E5-4046-ADEF-98EFC6E7F09A}"
EndProject
Project("{FAE04EC0-301F-11D3-BF4B-00C04F79EFBC}") = "NetCoreServer", "Scenarios\Getting-Started-with-CoreWCF\NetCoreServer\NetCoreServer.csproj", "{30284669-A2EB-4814-8B25-87200564D62E}"
EndProject
Project("{FAE04EC0-301F-11D3-BF4B-00C04F79EFBC}") = "NetFrameworkClient", "Scenarios\Getting-Started-with-CoreWCF\NetFrameworkClient\NetFrameworkClient.csproj", "{7702E915-17D1-4159-A5E6-324DB0CC2DAE}"
EndProject
Project("{FAE04EC0-301F-11D3-BF4B-00C04F79EFBC}") = "NetFrameworkServer", "Scenarios\Getting-Started-with-CoreWCF\NetFrameworkServer\NetFrameworkServer.csproj", "{B0833785-D79A-4320-A15C-9239BDEE9BF7}"
EndProject
Project("{FAE04EC0-301F-11D3-BF4B-00C04F79EFBC}") = "WebHttp", "Scenarios\Getting-Started-with-CoreWCF\WebHttp\WebHttp.csproj", "{3E5A23C2-A8F1-4860-A75C-016F820C0BFB}"
EndProject
Project("{FAE04EC0-301F-11D3-BF4B-00C04F79EFBC}") = "WebHttpClient", "Scenarios\Getting-Started-with-CoreWCF\WebHttpClient\WebHttpClient.csproj", "{067E00CB-7A1B-48B6-BDD7-050E5B9CBE8C}"
EndProject
Global
	GlobalSection(SolutionConfigurationPlatforms) = preSolution
		Debug|Any CPU = Debug|Any CPU
		Release|Any CPU = Release|Any CPU
	EndGlobalSection
	GlobalSection(SolutionProperties) = preSolution
		HideSolutionNode = FALSE
	EndGlobalSection
	GlobalSection(ProjectConfigurationPlatforms) = postSolution
		{61FA5C9F-8A76-43E8-BD8B-F98ACF4529F0}.Debug|Any CPU.ActiveCfg = Debug|Any CPU
		{61FA5C9F-8A76-43E8-BD8B-F98ACF4529F0}.Debug|Any CPU.Build.0 = Debug|Any CPU
		{61FA5C9F-8A76-43E8-BD8B-F98ACF4529F0}.Release|Any CPU.ActiveCfg = Release|Any CPU
		{61FA5C9F-8A76-43E8-BD8B-F98ACF4529F0}.Release|Any CPU.Build.0 = Release|Any CPU
		{5B879493-F269-4339-9D6D-4C1FA39328EC}.Debug|Any CPU.ActiveCfg = Debug|Any CPU
		{5B879493-F269-4339-9D6D-4C1FA39328EC}.Debug|Any CPU.Build.0 = Debug|Any CPU
		{5B879493-F269-4339-9D6D-4C1FA39328EC}.Release|Any CPU.ActiveCfg = Release|Any CPU
		{5B879493-F269-4339-9D6D-4C1FA39328EC}.Release|Any CPU.Build.0 = Release|Any CPU
		{05E451BE-EC86-4A31-82B4-FC23F6CB1A31}.Debug|Any CPU.ActiveCfg = Debug|Any CPU
		{05E451BE-EC86-4A31-82B4-FC23F6CB1A31}.Debug|Any CPU.Build.0 = Debug|Any CPU
		{05E451BE-EC86-4A31-82B4-FC23F6CB1A31}.Release|Any CPU.ActiveCfg = Release|Any CPU
		{05E451BE-EC86-4A31-82B4-FC23F6CB1A31}.Release|Any CPU.Build.0 = Release|Any CPU
		{FD02C2D9-47E5-4046-ADEF-98EFC6E7F09A}.Debug|Any CPU.ActiveCfg = Debug|Any CPU
		{FD02C2D9-47E5-4046-ADEF-98EFC6E7F09A}.Debug|Any CPU.Build.0 = Debug|Any CPU
		{FD02C2D9-47E5-4046-ADEF-98EFC6E7F09A}.Release|Any CPU.ActiveCfg = Release|Any CPU
		{FD02C2D9-47E5-4046-ADEF-98EFC6E7F09A}.Release|Any CPU.Build.0 = Release|Any CPU
		{30284669-A2EB-4814-8B25-87200564D62E}.Debug|Any CPU.ActiveCfg = Debug|Any CPU
		{30284669-A2EB-4814-8B25-87200564D62E}.Debug|Any CPU.Build.0 = Debug|Any CPU
		{30284669-A2EB-4814-8B25-87200564D62E}.Release|Any CPU.ActiveCfg = Release|Any CPU
		{30284669-A2EB-4814-8B25-87200564D62E}.Release|Any CPU.Build.0 = Release|Any CPU
		{7702E915-17D1-4159-A5E6-324DB0CC2DAE}.Debug|Any CPU.ActiveCfg = Debug|Any CPU
		{7702E915-17D1-4159-A5E6-324DB0CC2DAE}.Debug|Any CPU.Build.0 = Debug|Any CPU
		{7702E915-17D1-4159-A5E6-324DB0CC2DAE}.Release|Any CPU.ActiveCfg = Release|Any CPU
		{7702E915-17D1-4159-A5E6-324DB0CC2DAE}.Release|Any CPU.Build.0 = Release|Any CPU
		{B0833785-D79A-4320-A15C-9239BDEE9BF7}.Debug|Any CPU.ActiveCfg = Debug|Any CPU
		{B0833785-D79A-4320-A15C-9239BDEE9BF7}.Debug|Any CPU.Build.0 = Debug|Any CPU
		{B0833785-D79A-4320-A15C-9239BDEE9BF7}.Release|Any CPU.ActiveCfg = Release|Any CPU
		{B0833785-D79A-4320-A15C-9239BDEE9BF7}.Release|Any CPU.Build.0 = Release|Any CPU
		{3E5A23C2-A8F1-4860-A75C-016F820C0BFB}.Debug|Any CPU.ActiveCfg = Debug|Any CPU
		{3E5A23C2-A8F1-4860-A75C-016F820C0BFB}.Debug|Any CPU.Build.0 = Debug|Any CPU
		{3E5A23C2-A8F1-4860-A75C-016F820C0BFB}.Release|Any CPU.ActiveCfg = Release|Any CPU
		{3E5A23C2-A8F1-4860-A75C-016F820C0BFB}.Release|Any CPU.Build.0 = Release|Any CPU
		{067E00CB-7A1B-48B6-BDD7-050E5B9CBE8C}.Debug|Any CPU.ActiveCfg = Debug|Any CPU
		{067E00CB-7A1B-48B6-BDD7-050E5B9CBE8C}.Debug|Any CPU.Build.0 = Debug|Any CPU
		{067E00CB-7A1B-48B6-BDD7-050E5B9CBE8C}.Release|Any CPU.ActiveCfg = Release|Any CPU
		{067E00CB-7A1B-48B6-BDD7-050E5B9CBE8C}.Release|Any CPU.Build.0 = Release|Any CPU
	EndGlobalSection
	GlobalSection(NestedProjects) = preSolution
		{FDED81AF-F184-44AC-B5AA-CA27964878CF} = {FE8F73DC-A370-4BA9-B25D-C9905E6D63FC}
		{B63CEAA6-511A-4ED8-8042-F6A6E2624B64} = {FDED81AF-F184-44AC-B5AA-CA27964878CF}
		{61FA5C9F-8A76-43E8-BD8B-F98ACF4529F0} = {B63CEAA6-511A-4ED8-8042-F6A6E2624B64}
		{5B879493-F269-4339-9D6D-4C1FA39328EC} = {B63CEAA6-511A-4ED8-8042-F6A6E2624B64}
		{F96AA409-FDB9-4FBB-8264-E69412F983E6} = {5F77224E-7E4A-4867-B343-6CD7C23EE0E8}
		{05E451BE-EC86-4A31-82B4-FC23F6CB1A31} = {F96AA409-FDB9-4FBB-8264-E69412F983E6}
		{FD02C2D9-47E5-4046-ADEF-98EFC6E7F09A} = {F96AA409-FDB9-4FBB-8264-E69412F983E6}
		{30284669-A2EB-4814-8B25-87200564D62E} = {F96AA409-FDB9-4FBB-8264-E69412F983E6}
		{7702E915-17D1-4159-A5E6-324DB0CC2DAE} = {F96AA409-FDB9-4FBB-8264-E69412F983E6}
		{B0833785-D79A-4320-A15C-9239BDEE9BF7} = {F96AA409-FDB9-4FBB-8264-E69412F983E6}
		{3E5A23C2-A8F1-4860-A75C-016F820C0BFB} = {F96AA409-FDB9-4FBB-8264-E69412F983E6}
		{067E00CB-7A1B-48B6-BDD7-050E5B9CBE8C} = {F96AA409-FDB9-4FBB-8264-E69412F983E6}
	EndGlobalSection
EndGlobal
